// !$*UTF8*$!
{
	archiveVersion = 1;
	classes = {
	};
	objectVersion = 56;
	objects = {

/* Begin PBXBuildFile section */
		F053516A2BE25EE0002515B8 /* WaterReminderApp.swift in Sources */ = {isa = PBXBuildFile; fileRef = F05351692BE25EE0002515B8 /* WaterReminderApp.swift */; };
		F05351702BE25EE1002515B8 /* Assets.xcassets in Resources */ = {isa = PBXBuildFile; fileRef = F053516F2BE25EE1002515B8 /* Assets.xcassets */; };
		F05351732BE25EE1002515B8 /* Preview Assets.xcassets in Resources */ = {isa = PBXBuildFile; fileRef = F05351722BE25EE1002515B8 /* Preview Assets.xcassets */; };
		F053517A2BE26821002515B8 /* UserProfile.swift in Sources */ = {isa = PBXBuildFile; fileRef = F05351792BE26821002515B8 /* UserProfile.swift */; };
		F053517F2BE397FC002515B8 /* NumberAnimatableValue.swift in Sources */ = {isa = PBXBuildFile; fileRef = F053517E2BE397FC002515B8 /* NumberAnimatableValue.swift */; };
		F05351832BE3A416002515B8 /* DashboardView.swift in Sources */ = {isa = PBXBuildFile; fileRef = F05351822BE3A416002515B8 /* DashboardView.swift */; };
		F05351852BE3C76B002515B8 /* RootView.swift in Sources */ = {isa = PBXBuildFile; fileRef = F05351842BE3C76B002515B8 /* RootView.swift */; };
		F05351892BE3D0C6002515B8 /* PreviewContiner.swift in Sources */ = {isa = PBXBuildFile; fileRef = F05351882BE3D0C6002515B8 /* PreviewContiner.swift */; };
		F053518B2BE3D25F002515B8 /* ChangeCupButton.swift in Sources */ = {isa = PBXBuildFile; fileRef = F053518A2BE3D25F002515B8 /* ChangeCupButton.swift */; };
		F053518D2BE3D3F6002515B8 /* SwitchCup.swift in Sources */ = {isa = PBXBuildFile; fileRef = F053518C2BE3D3F6002515B8 /* SwitchCup.swift */; };
		F05351922BE51060002515B8 /* GroupBoxView.swift in Sources */ = {isa = PBXBuildFile; fileRef = F05351912BE51060002515B8 /* GroupBoxView.swift */; };
		F05351942BE5158C002515B8 /* UserWaterIntakeView.swift in Sources */ = {isa = PBXBuildFile; fileRef = F05351932BE5158C002515B8 /* UserWaterIntakeView.swift */; };
		F05351982BE515CD002515B8 /* WaterIntakeButtons.swift in Sources */ = {isa = PBXBuildFile; fileRef = F05351972BE515CD002515B8 /* WaterIntakeButtons.swift */; };
		F053519A2BE51605002515B8 /* HistoryOnDailyView.swift in Sources */ = {isa = PBXBuildFile; fileRef = F05351992BE51605002515B8 /* HistoryOnDailyView.swift */; };
		F053519C2BE51C3D002515B8 /* IntakeRecoredElementView.swift in Sources */ = {isa = PBXBuildFile; fileRef = F053519B2BE51C3D002515B8 /* IntakeRecoredElementView.swift */; };
		F053519E2BE5616A002515B8 /* AddWater.swift in Sources */ = {isa = PBXBuildFile; fileRef = F053519D2BE5616A002515B8 /* AddWater.swift */; };
		F05351A52BE644A3002515B8 /* WaterBottleButton.swift in Sources */ = {isa = PBXBuildFile; fileRef = F05351A42BE644A3002515B8 /* WaterBottleButton.swift */; };
		F05351A72BE644D8002515B8 /* WaterIntakeSizes.swift in Sources */ = {isa = PBXBuildFile; fileRef = F05351A62BE644D8002515B8 /* WaterIntakeSizes.swift */; };
		F05351B72BE8E635002515B8 /* HistoryView.swift in Sources */ = {isa = PBXBuildFile; fileRef = F05351B62BE8E635002515B8 /* HistoryView.swift */; };
		F05351B92BE8E774002515B8 /* MainView.swift in Sources */ = {isa = PBXBuildFile; fileRef = F05351B82BE8E774002515B8 /* MainView.swift */; };
		F05351BD2BE92F2C002515B8 /* DailyWaterDrinkData.swift in Sources */ = {isa = PBXBuildFile; fileRef = F05351BC2BE92F2C002515B8 /* DailyWaterDrinkData.swift */; };
		F05351BF2BE92F85002515B8 /* DrinkHistoryData.swift in Sources */ = {isa = PBXBuildFile; fileRef = F05351BE2BE92F85002515B8 /* DrinkHistoryData.swift */; };
		F05351C12BE92FC2002515B8 /* IntakeElementData.swift in Sources */ = {isa = PBXBuildFile; fileRef = F05351C02BE92FC2002515B8 /* IntakeElementData.swift */; };
		F05351C32BE9300E002515B8 /* DrinkUtility.swift in Sources */ = {isa = PBXBuildFile; fileRef = F05351C22BE9300E002515B8 /* DrinkUtility.swift */; };
		F05351C62BE93484002515B8 /* RingStatus.swift in Sources */ = {isa = PBXBuildFile; fileRef = F05351C52BE93484002515B8 /* RingStatus.swift */; };
		F05351C82BE939D4002515B8 /* DaySelect.swift in Sources */ = {isa = PBXBuildFile; fileRef = F05351C72BE939D4002515B8 /* DaySelect.swift */; };
		F05351CA2BE93F85002515B8 /* SelectDateView.swift in Sources */ = {isa = PBXBuildFile; fileRef = F05351C92BE93F85002515B8 /* SelectDateView.swift */; };
		F05351CD2BE94434002515B8 /* DateExtensions.swift in Sources */ = {isa = PBXBuildFile; fileRef = F05351CC2BE94434002515B8 /* DateExtensions.swift */; };
		F05351CF2BEA01E2002515B8 /* ContentUnAvailableUI.swift in Sources */ = {isa = PBXBuildFile; fileRef = F05351CE2BEA01E2002515B8 /* ContentUnAvailableUI.swift */; };
		F05351D12BECC43E002515B8 /* DrinkHistoryRecord.swift in Sources */ = {isa = PBXBuildFile; fileRef = F05351D02BECC43E002515B8 /* DrinkHistoryRecord.swift */; };
		F05351D42BECD447002515B8 /* HydrationSummary.swift in Sources */ = {isa = PBXBuildFile; fileRef = F05351D32BECD447002515B8 /* HydrationSummary.swift */; };
		F05352082BEF60C8002515B8 /* OnBordingView.swift in Sources */ = {isa = PBXBuildFile; fileRef = F05352072BEF60C8002515B8 /* OnBordingView.swift */; };
		F053520A2BEF8557002515B8 /* PageIntro.swift in Sources */ = {isa = PBXBuildFile; fileRef = F05352092BEF8557002515B8 /* PageIntro.swift */; };
		F053520C2BEF8D02002515B8 /* CustomIndicatorView.swift in Sources */ = {isa = PBXBuildFile; fileRef = F053520B2BEF8D02002515B8 /* CustomIndicatorView.swift */; };
		F053520E2BEF9D83002515B8 /* PersonalInfoView.swift in Sources */ = {isa = PBXBuildFile; fileRef = F053520D2BEF9D83002515B8 /* PersonalInfoView.swift */; };
		F05352122BF021E5002515B8 /* CustomPickerField.swift in Sources */ = {isa = PBXBuildFile; fileRef = F05352112BF021E5002515B8 /* CustomPickerField.swift */; };
		F05352142BF02210002515B8 /* CustomInputField.swift in Sources */ = {isa = PBXBuildFile; fileRef = F05352132BF02210002515B8 /* CustomInputField.swift */; };
		F05352162BF02269002515B8 /* IntroView.swift in Sources */ = {isa = PBXBuildFile; fileRef = F05352152BF02269002515B8 /* IntroView.swift */; };
		F053521E2BF0B4F6002515B8 /* WidgetKit.framework in Frameworks */ = {isa = PBXBuildFile; fileRef = F053521D2BF0B4F6002515B8 /* WidgetKit.framework */; };
		F05352202BF0B4F6002515B8 /* SwiftUI.framework in Frameworks */ = {isa = PBXBuildFile; fileRef = F053521F2BF0B4F6002515B8 /* SwiftUI.framework */; };
		F05352232BF0B4F6002515B8 /* WaterReminderWidgetProjectBundle.swift in Sources */ = {isa = PBXBuildFile; fileRef = F05352222BF0B4F6002515B8 /* WaterReminderWidgetProjectBundle.swift */; };
		F05352252BF0B4F6002515B8 /* WaterReminderWidgetProjectLiveActivity.swift in Sources */ = {isa = PBXBuildFile; fileRef = F05352242BF0B4F6002515B8 /* WaterReminderWidgetProjectLiveActivity.swift */; };
		F05352272BF0B4F6002515B8 /* WaterReminderWidgetProject.swift in Sources */ = {isa = PBXBuildFile; fileRef = F05352262BF0B4F6002515B8 /* WaterReminderWidgetProject.swift */; };
		F05352292BF0B4F6002515B8 /* AppIntent.swift in Sources */ = {isa = PBXBuildFile; fileRef = F05352282BF0B4F6002515B8 /* AppIntent.swift */; };
		F053522B2BF0B4F7002515B8 /* Assets.xcassets in Resources */ = {isa = PBXBuildFile; fileRef = F053522A2BF0B4F7002515B8 /* Assets.xcassets */; };
		F053522F2BF0B4F7002515B8 /* WaterReminderWidgetProjectExtension.appex in Embed Foundation Extensions */ = {isa = PBXBuildFile; fileRef = F053521B2BF0B4F6002515B8 /* WaterReminderWidgetProjectExtension.appex */; settings = {ATTRIBUTES = (RemoveHeadersOnCopy, ); }; };
		F05352352BF1EF76002515B8 /* UtilityFunctions.swift in Sources */ = {isa = PBXBuildFile; fileRef = F05352342BF1EF76002515B8 /* UtilityFunctions.swift */; };
		F05352392BF23543002515B8 /* TimeRangePickerView.swift in Sources */ = {isa = PBXBuildFile; fileRef = F05352382BF23543002515B8 /* TimeRangePickerView.swift */; };
		F053523D2BF2A498002515B8 /* MockedDrinkHistory.swift in Sources */ = {isa = PBXBuildFile; fileRef = F053523C2BF2A498002515B8 /* MockedDrinkHistory.swift */; };
		F05979542BF8D23700822F38 /* ReminderCalenderView.swift in Sources */ = {isa = PBXBuildFile; fileRef = F05979532BF8D23700822F38 /* ReminderCalenderView.swift */; };
		F05979562BF8D8B900822F38 /* LocalNotification.swift in Sources */ = {isa = PBXBuildFile; fileRef = F05979552BF8D8B900822F38 /* LocalNotification.swift */; };
		F059795C2BFA032200822F38 /* DateComponents.swift in Sources */ = {isa = PBXBuildFile; fileRef = F059795B2BFA032200822F38 /* DateComponents.swift */; };
		F059795E2BFA189300822F38 /* EnableNotificationView.swift in Sources */ = {isa = PBXBuildFile; fileRef = F059795D2BFA189300822F38 /* EnableNotificationView.swift */; };
		F05979602BFA366200822F38 /* NoHistoryWater.swift in Sources */ = {isa = PBXBuildFile; fileRef = F059795F2BFA366200822F38 /* NoHistoryWater.swift */; };
		F05979622BFB40DC00822F38 /* GeneraterHydrationWaterGoals.mlpackage in Sources */ = {isa = PBXBuildFile; fileRef = F05979612BFB40DC00822F38 /* GeneraterHydrationWaterGoals.mlpackage */; };
		F05979852C15909500822F38 /* SectionHistoryHeaderView.swift in Sources */ = {isa = PBXBuildFile; fileRef = F05979842C15909500822F38 /* SectionHistoryHeaderView.swift */; };
		F05979872C15975900822F38 /* CustomBackground.swift in Sources */ = {isa = PBXBuildFile; fileRef = F05979862C15975900822F38 /* CustomBackground.swift */; };
		F05979892C15BA6B00822F38 /* HydrationListView.swift in Sources */ = {isa = PBXBuildFile; fileRef = F05979882C15BA6B00822F38 /* HydrationListView.swift */; };
		F059798B2C15E13000822F38 /* GaugeProgressView.swift in Sources */ = {isa = PBXBuildFile; fileRef = F059798A2C15E13000822F38 /* GaugeProgressView.swift */; };
		F07615922BF3DF6B009A9F6B /* WaterIntakeOverviewChart.swift in Sources */ = {isa = PBXBuildFile; fileRef = F07615912BF3DF6B009A9F6B /* WaterIntakeOverviewChart.swift */; };
		F07615942BF3EA9A009A9F6B /* DrinkTypePieChartView.swift in Sources */ = {isa = PBXBuildFile; fileRef = F07615932BF3EA9A009A9F6B /* DrinkTypePieChartView.swift */; };
		F07615962BF3F878009A9F6B /* WaterIntakeDetails.swift in Sources */ = {isa = PBXBuildFile; fileRef = F07615952BF3F878009A9F6B /* WaterIntakeDetails.swift */; };
		F076159A2BF4ADA9009A9F6B /* DrinkTypeDetailsChart.swift in Sources */ = {isa = PBXBuildFile; fileRef = F07615992BF4ADA9009A9F6B /* DrinkTypeDetailsChart.swift */; };
		F076159C2BF4DE97009A9F6B /* DrinkAnalysis.swift in Sources */ = {isa = PBXBuildFile; fileRef = F076159B2BF4DE97009A9F6B /* DrinkAnalysis.swift */; };
		F07615BC2BF73633009A9F6B /* StatCard.swift in Sources */ = {isa = PBXBuildFile; fileRef = F07615BB2BF73633009A9F6B /* StatCard.swift */; };
		F07615BF2BF887B5009A9F6B /* CardContent.swift in Sources */ = {isa = PBXBuildFile; fileRef = F07615BE2BF887B5009A9F6B /* CardContent.swift */; };
		F07615C12BF89F57009A9F6B /* ColorExtansions.swift in Sources */ = {isa = PBXBuildFile; fileRef = F07615C02BF89F57009A9F6B /* ColorExtansions.swift */; };
		F07615C62BF8B5BD009A9F6B /* NotificationLocalManger.swift in Sources */ = {isa = PBXBuildFile; fileRef = F07615C52BF8B5BD009A9F6B /* NotificationLocalManger.swift */; };
/* End PBXBuildFile section */

/* Begin PBXContainerItemProxy section */
		F053522D2BF0B4F7002515B8 /* PBXContainerItemProxy */ = {
			isa = PBXContainerItemProxy;
			containerPortal = F053515E2BE25EE0002515B8 /* Project object */;
			proxyType = 1;
			remoteGlobalIDString = F053521A2BF0B4F6002515B8;
			remoteInfo = WaterReminderWidgetProjectExtension;
		};
/* End PBXContainerItemProxy section */

/* Begin PBXCopyFilesBuildPhase section */
		F05352332BF0B4F7002515B8 /* Embed Foundation Extensions */ = {
			isa = PBXCopyFilesBuildPhase;
			buildActionMask = 2147483647;
			dstPath = "";
			dstSubfolderSpec = 13;
			files = (
				F053522F2BF0B4F7002515B8 /* WaterReminderWidgetProjectExtension.appex in Embed Foundation Extensions */,
			);
			name = "Embed Foundation Extensions";
			runOnlyForDeploymentPostprocessing = 0;
		};
/* End PBXCopyFilesBuildPhase section */

/* Begin PBXFileReference section */
		F05351662BE25EE0002515B8 /* WaterReminder.app */ = {isa = PBXFileReference; explicitFileType = wrapper.application; includeInIndex = 0; path = WaterReminder.app; sourceTree = BUILT_PRODUCTS_DIR; };
		F05351692BE25EE0002515B8 /* WaterReminderApp.swift */ = {isa = PBXFileReference; lastKnownFileType = sourcecode.swift; path = WaterReminderApp.swift; sourceTree = "<group>"; };
		F053516F2BE25EE1002515B8 /* Assets.xcassets */ = {isa = PBXFileReference; lastKnownFileType = folder.assetcatalog; path = Assets.xcassets; sourceTree = "<group>"; };
		F05351722BE25EE1002515B8 /* Preview Assets.xcassets */ = {isa = PBXFileReference; lastKnownFileType = folder.assetcatalog; path = "Preview Assets.xcassets"; sourceTree = "<group>"; };
		F05351792BE26821002515B8 /* UserProfile.swift */ = {isa = PBXFileReference; lastKnownFileType = sourcecode.swift; path = UserProfile.swift; sourceTree = "<group>"; };
		F053517E2BE397FC002515B8 /* NumberAnimatableValue.swift */ = {isa = PBXFileReference; lastKnownFileType = sourcecode.swift; path = NumberAnimatableValue.swift; sourceTree = "<group>"; };
		F05351822BE3A416002515B8 /* DashboardView.swift */ = {isa = PBXFileReference; lastKnownFileType = sourcecode.swift; path = DashboardView.swift; sourceTree = "<group>"; };
		F05351842BE3C76B002515B8 /* RootView.swift */ = {isa = PBXFileReference; lastKnownFileType = sourcecode.swift; path = RootView.swift; sourceTree = "<group>"; };
		F05351882BE3D0C6002515B8 /* PreviewContiner.swift */ = {isa = PBXFileReference; lastKnownFileType = sourcecode.swift; path = PreviewContiner.swift; sourceTree = "<group>"; };
		F053518A2BE3D25F002515B8 /* ChangeCupButton.swift */ = {isa = PBXFileReference; lastKnownFileType = sourcecode.swift; path = ChangeCupButton.swift; sourceTree = "<group>"; };
		F053518C2BE3D3F6002515B8 /* SwitchCup.swift */ = {isa = PBXFileReference; lastKnownFileType = sourcecode.swift; path = SwitchCup.swift; sourceTree = "<group>"; };
		F05351912BE51060002515B8 /* GroupBoxView.swift */ = {isa = PBXFileReference; lastKnownFileType = sourcecode.swift; path = GroupBoxView.swift; sourceTree = "<group>"; };
		F05351932BE5158C002515B8 /* UserWaterIntakeView.swift */ = {isa = PBXFileReference; lastKnownFileType = sourcecode.swift; path = UserWaterIntakeView.swift; sourceTree = "<group>"; };
		F05351972BE515CD002515B8 /* WaterIntakeButtons.swift */ = {isa = PBXFileReference; lastKnownFileType = sourcecode.swift; path = WaterIntakeButtons.swift; sourceTree = "<group>"; };
		F05351992BE51605002515B8 /* HistoryOnDailyView.swift */ = {isa = PBXFileReference; lastKnownFileType = sourcecode.swift; path = HistoryOnDailyView.swift; sourceTree = "<group>"; };
		F053519B2BE51C3D002515B8 /* IntakeRecoredElementView.swift */ = {isa = PBXFileReference; lastKnownFileType = sourcecode.swift; path = IntakeRecoredElementView.swift; sourceTree = "<group>"; };
		F053519D2BE5616A002515B8 /* AddWater.swift */ = {isa = PBXFileReference; lastKnownFileType = sourcecode.swift; path = AddWater.swift; sourceTree = "<group>"; };
		F05351A42BE644A3002515B8 /* WaterBottleButton.swift */ = {isa = PBXFileReference; lastKnownFileType = sourcecode.swift; path = WaterBottleButton.swift; sourceTree = "<group>"; };
		F05351A62BE644D8002515B8 /* WaterIntakeSizes.swift */ = {isa = PBXFileReference; lastKnownFileType = sourcecode.swift; path = WaterIntakeSizes.swift; sourceTree = "<group>"; };
		F05351B62BE8E635002515B8 /* HistoryView.swift */ = {isa = PBXFileReference; lastKnownFileType = sourcecode.swift; path = HistoryView.swift; sourceTree = "<group>"; };
		F05351B82BE8E774002515B8 /* MainView.swift */ = {isa = PBXFileReference; lastKnownFileType = sourcecode.swift; path = MainView.swift; sourceTree = "<group>"; };
		F05351BC2BE92F2C002515B8 /* DailyWaterDrinkData.swift */ = {isa = PBXFileReference; lastKnownFileType = sourcecode.swift; path = DailyWaterDrinkData.swift; sourceTree = "<group>"; };
		F05351BE2BE92F85002515B8 /* DrinkHistoryData.swift */ = {isa = PBXFileReference; lastKnownFileType = sourcecode.swift; path = DrinkHistoryData.swift; sourceTree = "<group>"; };
		F05351C02BE92FC2002515B8 /* IntakeElementData.swift */ = {isa = PBXFileReference; lastKnownFileType = sourcecode.swift; path = IntakeElementData.swift; sourceTree = "<group>"; };
		F05351C22BE9300E002515B8 /* DrinkUtility.swift */ = {isa = PBXFileReference; lastKnownFileType = sourcecode.swift; path = DrinkUtility.swift; sourceTree = "<group>"; };
		F05351C52BE93484002515B8 /* RingStatus.swift */ = {isa = PBXFileReference; lastKnownFileType = sourcecode.swift; path = RingStatus.swift; sourceTree = "<group>"; };
		F05351C72BE939D4002515B8 /* DaySelect.swift */ = {isa = PBXFileReference; lastKnownFileType = sourcecode.swift; path = DaySelect.swift; sourceTree = "<group>"; };
		F05351C92BE93F85002515B8 /* SelectDateView.swift */ = {isa = PBXFileReference; lastKnownFileType = sourcecode.swift; path = SelectDateView.swift; sourceTree = "<group>"; };
		F05351CC2BE94434002515B8 /* DateExtensions.swift */ = {isa = PBXFileReference; lastKnownFileType = sourcecode.swift; path = DateExtensions.swift; sourceTree = "<group>"; };
		F05351CE2BEA01E2002515B8 /* ContentUnAvailableUI.swift */ = {isa = PBXFileReference; lastKnownFileType = sourcecode.swift; path = ContentUnAvailableUI.swift; sourceTree = "<group>"; };
		F05351D02BECC43E002515B8 /* DrinkHistoryRecord.swift */ = {isa = PBXFileReference; lastKnownFileType = sourcecode.swift; path = DrinkHistoryRecord.swift; sourceTree = "<group>"; };
		F05351D32BECD447002515B8 /* HydrationSummary.swift */ = {isa = PBXFileReference; lastKnownFileType = sourcecode.swift; path = HydrationSummary.swift; sourceTree = "<group>"; };
		F05352072BEF60C8002515B8 /* OnBordingView.swift */ = {isa = PBXFileReference; lastKnownFileType = sourcecode.swift; path = OnBordingView.swift; sourceTree = "<group>"; };
		F05352092BEF8557002515B8 /* PageIntro.swift */ = {isa = PBXFileReference; lastKnownFileType = sourcecode.swift; path = PageIntro.swift; sourceTree = "<group>"; };
		F053520B2BEF8D02002515B8 /* CustomIndicatorView.swift */ = {isa = PBXFileReference; lastKnownFileType = sourcecode.swift; path = CustomIndicatorView.swift; sourceTree = "<group>"; };
		F053520D2BEF9D83002515B8 /* PersonalInfoView.swift */ = {isa = PBXFileReference; lastKnownFileType = sourcecode.swift; path = PersonalInfoView.swift; sourceTree = "<group>"; };
		F05352112BF021E5002515B8 /* CustomPickerField.swift */ = {isa = PBXFileReference; lastKnownFileType = sourcecode.swift; path = CustomPickerField.swift; sourceTree = "<group>"; };
		F05352132BF02210002515B8 /* CustomInputField.swift */ = {isa = PBXFileReference; lastKnownFileType = sourcecode.swift; path = CustomInputField.swift; sourceTree = "<group>"; };
		F05352152BF02269002515B8 /* IntroView.swift */ = {isa = PBXFileReference; lastKnownFileType = sourcecode.swift; path = IntroView.swift; sourceTree = "<group>"; };
		F053521B2BF0B4F6002515B8 /* WaterReminderWidgetProjectExtension.appex */ = {isa = PBXFileReference; explicitFileType = "wrapper.app-extension"; includeInIndex = 0; path = WaterReminderWidgetProjectExtension.appex; sourceTree = BUILT_PRODUCTS_DIR; };
		F053521D2BF0B4F6002515B8 /* WidgetKit.framework */ = {isa = PBXFileReference; lastKnownFileType = wrapper.framework; name = WidgetKit.framework; path = System/Library/Frameworks/WidgetKit.framework; sourceTree = SDKROOT; };
		F053521F2BF0B4F6002515B8 /* SwiftUI.framework */ = {isa = PBXFileReference; lastKnownFileType = wrapper.framework; name = SwiftUI.framework; path = System/Library/Frameworks/SwiftUI.framework; sourceTree = SDKROOT; };
		F05352222BF0B4F6002515B8 /* WaterReminderWidgetProjectBundle.swift */ = {isa = PBXFileReference; lastKnownFileType = sourcecode.swift; path = WaterReminderWidgetProjectBundle.swift; sourceTree = "<group>"; };
		F05352242BF0B4F6002515B8 /* WaterReminderWidgetProjectLiveActivity.swift */ = {isa = PBXFileReference; lastKnownFileType = sourcecode.swift; path = WaterReminderWidgetProjectLiveActivity.swift; sourceTree = "<group>"; };
		F05352262BF0B4F6002515B8 /* WaterReminderWidgetProject.swift */ = {isa = PBXFileReference; lastKnownFileType = sourcecode.swift; path = WaterReminderWidgetProject.swift; sourceTree = "<group>"; };
		F05352282BF0B4F6002515B8 /* AppIntent.swift */ = {isa = PBXFileReference; lastKnownFileType = sourcecode.swift; path = AppIntent.swift; sourceTree = "<group>"; };
		F053522A2BF0B4F7002515B8 /* Assets.xcassets */ = {isa = PBXFileReference; lastKnownFileType = folder.assetcatalog; path = Assets.xcassets; sourceTree = "<group>"; };
		F053522C2BF0B4F7002515B8 /* Info.plist */ = {isa = PBXFileReference; lastKnownFileType = text.plist.xml; path = Info.plist; sourceTree = "<group>"; };
		F05352342BF1EF76002515B8 /* UtilityFunctions.swift */ = {isa = PBXFileReference; lastKnownFileType = sourcecode.swift; path = UtilityFunctions.swift; sourceTree = "<group>"; };
		F05352382BF23543002515B8 /* TimeRangePickerView.swift */ = {isa = PBXFileReference; lastKnownFileType = sourcecode.swift; path = TimeRangePickerView.swift; sourceTree = "<group>"; };
		F053523C2BF2A498002515B8 /* MockedDrinkHistory.swift */ = {isa = PBXFileReference; lastKnownFileType = sourcecode.swift; path = MockedDrinkHistory.swift; sourceTree = "<group>"; };
		F05979532BF8D23700822F38 /* ReminderCalenderView.swift */ = {isa = PBXFileReference; lastKnownFileType = sourcecode.swift; path = ReminderCalenderView.swift; sourceTree = "<group>"; };
		F05979552BF8D8B900822F38 /* LocalNotification.swift */ = {isa = PBXFileReference; lastKnownFileType = sourcecode.swift; path = LocalNotification.swift; sourceTree = "<group>"; };
		F059795B2BFA032200822F38 /* DateComponents.swift */ = {isa = PBXFileReference; lastKnownFileType = sourcecode.swift; path = DateComponents.swift; sourceTree = "<group>"; };
		F059795D2BFA189300822F38 /* EnableNotificationView.swift */ = {isa = PBXFileReference; lastKnownFileType = sourcecode.swift; path = EnableNotificationView.swift; sourceTree = "<group>"; };
		F059795F2BFA366200822F38 /* NoHistoryWater.swift */ = {isa = PBXFileReference; lastKnownFileType = sourcecode.swift; path = NoHistoryWater.swift; sourceTree = "<group>"; };
		F05979612BFB40DC00822F38 /* GeneraterHydrationWaterGoals.mlpackage */ = {isa = PBXFileReference; lastKnownFileType = folder.mlpackage; path = GeneraterHydrationWaterGoals.mlpackage; sourceTree = "<group>"; };
		F05979842C15909500822F38 /* SectionHistoryHeaderView.swift */ = {isa = PBXFileReference; lastKnownFileType = sourcecode.swift; path = SectionHistoryHeaderView.swift; sourceTree = "<group>"; };
		F05979862C15975900822F38 /* CustomBackground.swift */ = {isa = PBXFileReference; lastKnownFileType = sourcecode.swift; path = CustomBackground.swift; sourceTree = "<group>"; };
		F05979882C15BA6B00822F38 /* HydrationListView.swift */ = {isa = PBXFileReference; lastKnownFileType = sourcecode.swift; path = HydrationListView.swift; sourceTree = "<group>"; };
		F059798A2C15E13000822F38 /* GaugeProgressView.swift */ = {isa = PBXFileReference; lastKnownFileType = sourcecode.swift; path = GaugeProgressView.swift; sourceTree = "<group>"; };
		F07615912BF3DF6B009A9F6B /* WaterIntakeOverviewChart.swift */ = {isa = PBXFileReference; lastKnownFileType = sourcecode.swift; path = WaterIntakeOverviewChart.swift; sourceTree = "<group>"; };
		F07615932BF3EA9A009A9F6B /* DrinkTypePieChartView.swift */ = {isa = PBXFileReference; lastKnownFileType = sourcecode.swift; path = DrinkTypePieChartView.swift; sourceTree = "<group>"; };
		F07615952BF3F878009A9F6B /* WaterIntakeDetails.swift */ = {isa = PBXFileReference; lastKnownFileType = sourcecode.swift; path = WaterIntakeDetails.swift; sourceTree = "<group>"; };
		F07615992BF4ADA9009A9F6B /* DrinkTypeDetailsChart.swift */ = {isa = PBXFileReference; lastKnownFileType = sourcecode.swift; path = DrinkTypeDetailsChart.swift; sourceTree = "<group>"; };
		F076159B2BF4DE97009A9F6B /* DrinkAnalysis.swift */ = {isa = PBXFileReference; lastKnownFileType = sourcecode.swift; path = DrinkAnalysis.swift; sourceTree = "<group>"; };
		F07615BB2BF73633009A9F6B /* StatCard.swift */ = {isa = PBXFileReference; lastKnownFileType = sourcecode.swift; path = StatCard.swift; sourceTree = "<group>"; };
		F07615BE2BF887B5009A9F6B /* CardContent.swift */ = {isa = PBXFileReference; lastKnownFileType = sourcecode.swift; path = CardContent.swift; sourceTree = "<group>"; };
		F07615C02BF89F57009A9F6B /* ColorExtansions.swift */ = {isa = PBXFileReference; lastKnownFileType = sourcecode.swift; path = ColorExtansions.swift; sourceTree = "<group>"; };
		F07615C52BF8B5BD009A9F6B /* NotificationLocalManger.swift */ = {isa = PBXFileReference; lastKnownFileType = sourcecode.swift; path = NotificationLocalManger.swift; sourceTree = "<group>"; };
/* End PBXFileReference section */

/* Begin PBXFrameworksBuildPhase section */
		F05351632BE25EE0002515B8 /* Frameworks */ = {
			isa = PBXFrameworksBuildPhase;
			buildActionMask = 2147483647;
			files = (
			);
			runOnlyForDeploymentPostprocessing = 0;
		};
		F05352182BF0B4F6002515B8 /* Frameworks */ = {
			isa = PBXFrameworksBuildPhase;
			buildActionMask = 2147483647;
			files = (
				F05352202BF0B4F6002515B8 /* SwiftUI.framework in Frameworks */,
				F053521E2BF0B4F6002515B8 /* WidgetKit.framework in Frameworks */,
			);
			runOnlyForDeploymentPostprocessing = 0;
		};
/* End PBXFrameworksBuildPhase section */

/* Begin PBXGroup section */
		F053515D2BE25EE0002515B8 = {
			isa = PBXGroup;
			children = (
				F05351682BE25EE0002515B8 /* WaterReminder */,
				F05352212BF0B4F6002515B8 /* WaterReminderWidgetProject */,
				F053521C2BF0B4F6002515B8 /* Frameworks */,
				F05351672BE25EE0002515B8 /* Products */,
			);
			sourceTree = "<group>";
		};
		F05351672BE25EE0002515B8 /* Products */ = {
			isa = PBXGroup;
			children = (
				F05351662BE25EE0002515B8 /* WaterReminder.app */,
				F053521B2BF0B4F6002515B8 /* WaterReminderWidgetProjectExtension.appex */,
			);
			name = Products;
			sourceTree = "<group>";
		};
		F05351682BE25EE0002515B8 /* WaterReminder */ = {
			isa = PBXGroup;
			children = (
				F05979812C15890D00822F38 /* Base */,
				F07615C42BF8B5A8009A9F6B /* Notifications */,
				F05351A82BE77C91002515B8 /* ML */,
				F053517D2BE397BE002515B8 /* UI */,
				F05351C42BE93031002515B8 /* Modals */,
				F053516F2BE25EE1002515B8 /* Assets.xcassets */,
				F05979822C15892400822F38 /* App */,
				F05351712BE25EE1002515B8 /* Preview Content */,
			);
			path = WaterReminder;
			sourceTree = "<group>";
		};
		F05351712BE25EE1002515B8 /* Preview Content */ = {
			isa = PBXGroup;
			children = (
				F05351722BE25EE1002515B8 /* Preview Assets.xcassets */,
				F05351882BE3D0C6002515B8 /* PreviewContiner.swift */,
				F053523C2BF2A498002515B8 /* MockedDrinkHistory.swift */,
			);
			path = "Preview Content";
			sourceTree = "<group>";
		};
		F053517B2BE395A9002515B8 /* View */ = {
			isa = PBXGroup;
			children = (
				F05979522BF8D22500822F38 /* Reminder */,
				F05352062BEF60B4002515B8 /* OnBoarding */,
				F05351D22BECD428002515B8 /* Report */,
				F05351B52BE8E611002515B8 /* History */,
				F053518E2BE50D08002515B8 /* Dashboard */,
				F05351B82BE8E774002515B8 /* MainView.swift */,
				F05351842BE3C76B002515B8 /* RootView.swift */,
			);
			path = View;
			sourceTree = "<group>";
		};
		F053517D2BE397BE002515B8 /* UI */ = {
			isa = PBXGroup;
			children = (
				F053517B2BE395A9002515B8 /* View */,
				F05979832C15897200822F38 /* Lib */,
			);
			path = UI;
			sourceTree = "<group>";
		};
		F053518E2BE50D08002515B8 /* Dashboard */ = {
			isa = PBXGroup;
			children = (
				F05351A32BE64445002515B8 /* IntakeButtons */,
				F05351822BE3A416002515B8 /* DashboardView.swift */,
				F05351932BE5158C002515B8 /* UserWaterIntakeView.swift */,
				F05351992BE51605002515B8 /* HistoryOnDailyView.swift */,
				F053519B2BE51C3D002515B8 /* IntakeRecoredElementView.swift */,
			);
			path = Dashboard;
			sourceTree = "<group>";
		};
		F05351A32BE64445002515B8 /* IntakeButtons */ = {
			isa = PBXGroup;
			children = (
				F05351972BE515CD002515B8 /* WaterIntakeButtons.swift */,
				F053518C2BE3D3F6002515B8 /* SwitchCup.swift */,
				F05351A42BE644A3002515B8 /* WaterBottleButton.swift */,
				F05351A62BE644D8002515B8 /* WaterIntakeSizes.swift */,
			);
			path = IntakeButtons;
			sourceTree = "<group>";
		};
		F05351A82BE77C91002515B8 /* ML */ = {
			isa = PBXGroup;
			children = (
				F05979612BFB40DC00822F38 /* GeneraterHydrationWaterGoals.mlpackage */,
			);
			path = ML;
			sourceTree = "<group>";
		};
		F05351B52BE8E611002515B8 /* History */ = {
			isa = PBXGroup;
			children = (
				F05351B62BE8E635002515B8 /* HistoryView.swift */,
				F059795F2BFA366200822F38 /* NoHistoryWater.swift */,
				F05979842C15909500822F38 /* SectionHistoryHeaderView.swift */,
			);
			path = History;
			sourceTree = "<group>";
		};
		F05351C42BE93031002515B8 /* Modals */ = {
			isa = PBXGroup;
			children = (
				F05351792BE26821002515B8 /* UserProfile.swift */,
				F05351C22BE9300E002515B8 /* DrinkUtility.swift */,
				F05351C02BE92FC2002515B8 /* IntakeElementData.swift */,
				F05351BE2BE92F85002515B8 /* DrinkHistoryData.swift */,
				F05351BC2BE92F2C002515B8 /* DailyWaterDrinkData.swift */,
			);
			path = Modals;
			sourceTree = "<group>";
		};
		F05351CB2BE94418002515B8 /* Extensions */ = {
			isa = PBXGroup;
			children = (
				F05351CC2BE94434002515B8 /* DateExtensions.swift */,
				F05351D02BECC43E002515B8 /* DrinkHistoryRecord.swift */,
				F05352342BF1EF76002515B8 /* UtilityFunctions.swift */,
				F07615C02BF89F57009A9F6B /* ColorExtansions.swift */,
				F059795B2BFA032200822F38 /* DateComponents.swift */,
			);
			path = Extensions;
			sourceTree = "<group>";
		};
		F05351D22BECD428002515B8 /* Report */ = {
			isa = PBXGroup;
			children = (
				F07615BD2BF77537009A9F6B /* DrinkTypes */,
				F05351F92BED6A6E002515B8 /* intak */,
				F05351D32BECD447002515B8 /* HydrationSummary.swift */,
				F076159B2BF4DE97009A9F6B /* DrinkAnalysis.swift */,
				F05979882C15BA6B00822F38 /* HydrationListView.swift */,
			);
			path = Report;
			sourceTree = "<group>";
		};
		F05351F92BED6A6E002515B8 /* intak */ = {
			isa = PBXGroup;
			children = (
				F07615912BF3DF6B009A9F6B /* WaterIntakeOverviewChart.swift */,
				F07615952BF3F878009A9F6B /* WaterIntakeDetails.swift */,
			);
			path = intak;
			sourceTree = "<group>";
		};
		F05352062BEF60B4002515B8 /* OnBoarding */ = {
			isa = PBXGroup;
			children = (
				F05352072BEF60C8002515B8 /* OnBordingView.swift */,
				F05352092BEF8557002515B8 /* PageIntro.swift */,
				F053520D2BEF9D83002515B8 /* PersonalInfoView.swift */,
				F05352152BF02269002515B8 /* IntroView.swift */,
			);
			path = OnBoarding;
			sourceTree = "<group>";
		};
		F053521C2BF0B4F6002515B8 /* Frameworks */ = {
			isa = PBXGroup;
			children = (
				F053521D2BF0B4F6002515B8 /* WidgetKit.framework */,
				F053521F2BF0B4F6002515B8 /* SwiftUI.framework */,
			);
			name = Frameworks;
			sourceTree = "<group>";
		};
		F05352212BF0B4F6002515B8 /* WaterReminderWidgetProject */ = {
			isa = PBXGroup;
			children = (
				F05352222BF0B4F6002515B8 /* WaterReminderWidgetProjectBundle.swift */,
				F05352242BF0B4F6002515B8 /* WaterReminderWidgetProjectLiveActivity.swift */,
				F05352262BF0B4F6002515B8 /* WaterReminderWidgetProject.swift */,
				F05352282BF0B4F6002515B8 /* AppIntent.swift */,
				F053522A2BF0B4F7002515B8 /* Assets.xcassets */,
				F053522C2BF0B4F7002515B8 /* Info.plist */,
			);
			path = WaterReminderWidgetProject;
			sourceTree = "<group>";
		};
		F05979522BF8D22500822F38 /* Reminder */ = {
			isa = PBXGroup;
			children = (
				F05979532BF8D23700822F38 /* ReminderCalenderView.swift */,
				F059795D2BFA189300822F38 /* EnableNotificationView.swift */,
			);
			path = Reminder;
			sourceTree = "<group>";
		};
		F05979812C15890D00822F38 /* Base */ = {
			isa = PBXGroup;
			children = (
				F05351CB2BE94418002515B8 /* Extensions */,
			);
			path = Base;
			sourceTree = "<group>";
		};
		F05979822C15892400822F38 /* App */ = {
			isa = PBXGroup;
			children = (
				F05351692BE25EE0002515B8 /* WaterReminderApp.swift */,
			);
			path = App;
			sourceTree = "<group>";
		};
		F05979832C15897200822F38 /* Lib */ = {
			isa = PBXGroup;
			children = (
				F053517E2BE397FC002515B8 /* NumberAnimatableValue.swift */,
				F053518A2BE3D25F002515B8 /* ChangeCupButton.swift */,
				F05352112BF021E5002515B8 /* CustomPickerField.swift */,
				F05352382BF23543002515B8 /* TimeRangePickerView.swift */,
				F07615BB2BF73633009A9F6B /* StatCard.swift */,
				F07615BE2BF887B5009A9F6B /* CardContent.swift */,
				F05351912BE51060002515B8 /* GroupBoxView.swift */,
				F053519D2BE5616A002515B8 /* AddWater.swift */,
				F05351C52BE93484002515B8 /* RingStatus.swift */,
				F05351C72BE939D4002515B8 /* DaySelect.swift */,
				F05351C92BE93F85002515B8 /* SelectDateView.swift */,
				F05351CE2BEA01E2002515B8 /* ContentUnAvailableUI.swift */,
				F053520B2BEF8D02002515B8 /* CustomIndicatorView.swift */,
				F05352132BF02210002515B8 /* CustomInputField.swift */,
				F05979862C15975900822F38 /* CustomBackground.swift */,
				F059798A2C15E13000822F38 /* GaugeProgressView.swift */,
			);
			path = Lib;
			sourceTree = "<group>";
		};
		F07615BD2BF77537009A9F6B /* DrinkTypes */ = {
			isa = PBXGroup;
			children = (
				F07615932BF3EA9A009A9F6B /* DrinkTypePieChartView.swift */,
				F07615992BF4ADA9009A9F6B /* DrinkTypeDetailsChart.swift */,
			);
			path = DrinkTypes;
			sourceTree = "<group>";
		};
		F07615C42BF8B5A8009A9F6B /* Notifications */ = {
			isa = PBXGroup;
			children = (
				F05979552BF8D8B900822F38 /* LocalNotification.swift */,
				F07615C52BF8B5BD009A9F6B /* NotificationLocalManger.swift */,
			);
			path = Notifications;
			sourceTree = "<group>";
		};
/* End PBXGroup section */

/* Begin PBXNativeTarget section */
		F05351652BE25EE0002515B8 /* WaterReminder */ = {
			isa = PBXNativeTarget;
			buildConfigurationList = F05351762BE25EE1002515B8 /* Build configuration list for PBXNativeTarget "WaterReminder" */;
			buildPhases = (
				F05351622BE25EE0002515B8 /* Sources */,
				F05351632BE25EE0002515B8 /* Frameworks */,
				F05351642BE25EE0002515B8 /* Resources */,
				F05352332BF0B4F7002515B8 /* Embed Foundation Extensions */,
			);
			buildRules = (
			);
			dependencies = (
				F053522E2BF0B4F7002515B8 /* PBXTargetDependency */,
			);
			name = WaterReminder;
			productName = WaterReminder;
			productReference = F05351662BE25EE0002515B8 /* WaterReminder.app */;
			productType = "com.apple.product-type.application";
		};
		F053521A2BF0B4F6002515B8 /* WaterReminderWidgetProjectExtension */ = {
			isa = PBXNativeTarget;
			buildConfigurationList = F05352302BF0B4F7002515B8 /* Build configuration list for PBXNativeTarget "WaterReminderWidgetProjectExtension" */;
			buildPhases = (
				F05352172BF0B4F6002515B8 /* Sources */,
				F05352182BF0B4F6002515B8 /* Frameworks */,
				F05352192BF0B4F6002515B8 /* Resources */,
			);
			buildRules = (
			);
			dependencies = (
			);
			name = WaterReminderWidgetProjectExtension;
			productName = WaterReminderWidgetProjectExtension;
			productReference = F053521B2BF0B4F6002515B8 /* WaterReminderWidgetProjectExtension.appex */;
			productType = "com.apple.product-type.app-extension";
		};
/* End PBXNativeTarget section */

/* Begin PBXProject section */
		F053515E2BE25EE0002515B8 /* Project object */ = {
			isa = PBXProject;
			attributes = {
				BuildIndependentTargetsInParallel = 1;
				LastSwiftUpdateCheck = 1530;
				LastUpgradeCheck = 1530;
				TargetAttributes = {
					F05351652BE25EE0002515B8 = {
						CreatedOnToolsVersion = 15.3;
					};
					F053521A2BF0B4F6002515B8 = {
						CreatedOnToolsVersion = 15.3;
					};
				};
			};
			buildConfigurationList = F05351612BE25EE0002515B8 /* Build configuration list for PBXProject "WaterReminder" */;
			compatibilityVersion = "Xcode 14.0";
			developmentRegion = en;
			hasScannedForEncodings = 0;
			knownRegions = (
				en,
				Base,
			);
			mainGroup = F053515D2BE25EE0002515B8;
			productRefGroup = F05351672BE25EE0002515B8 /* Products */;
			projectDirPath = "";
			projectRoot = "";
			targets = (
				F05351652BE25EE0002515B8 /* WaterReminder */,
				F053521A2BF0B4F6002515B8 /* WaterReminderWidgetProjectExtension */,
			);
		};
/* End PBXProject section */

/* Begin PBXResourcesBuildPhase section */
		F05351642BE25EE0002515B8 /* Resources */ = {
			isa = PBXResourcesBuildPhase;
			buildActionMask = 2147483647;
			files = (
				F05351732BE25EE1002515B8 /* Preview Assets.xcassets in Resources */,
				F05351702BE25EE1002515B8 /* Assets.xcassets in Resources */,
			);
			runOnlyForDeploymentPostprocessing = 0;
		};
		F05352192BF0B4F6002515B8 /* Resources */ = {
			isa = PBXResourcesBuildPhase;
			buildActionMask = 2147483647;
			files = (
				F053522B2BF0B4F7002515B8 /* Assets.xcassets in Resources */,
			);
			runOnlyForDeploymentPostprocessing = 0;
		};
/* End PBXResourcesBuildPhase section */

/* Begin PBXSourcesBuildPhase section */
		F05351622BE25EE0002515B8 /* Sources */ = {
			isa = PBXSourcesBuildPhase;
			buildActionMask = 2147483647;
			files = (
				F059795C2BFA032200822F38 /* DateComponents.swift in Sources */,
				F05979872C15975900822F38 /* CustomBackground.swift in Sources */,
				F053520E2BEF9D83002515B8 /* PersonalInfoView.swift in Sources */,
				F07615C62BF8B5BD009A9F6B /* NotificationLocalManger.swift in Sources */,
				F05351922BE51060002515B8 /* GroupBoxView.swift in Sources */,
				F053517F2BE397FC002515B8 /* NumberAnimatableValue.swift in Sources */,
				F059795E2BFA189300822F38 /* EnableNotificationView.swift in Sources */,
				F053518B2BE3D25F002515B8 /* ChangeCupButton.swift in Sources */,
				F05351982BE515CD002515B8 /* WaterIntakeButtons.swift in Sources */,
				F07615BC2BF73633009A9F6B /* StatCard.swift in Sources */,
				F05351C32BE9300E002515B8 /* DrinkUtility.swift in Sources */,
				F07615C12BF89F57009A9F6B /* ColorExtansions.swift in Sources */,
				F05352162BF02269002515B8 /* IntroView.swift in Sources */,
				F05352392BF23543002515B8 /* TimeRangePickerView.swift in Sources */,
				F05351C82BE939D4002515B8 /* DaySelect.swift in Sources */,
				F07615BF2BF887B5009A9F6B /* CardContent.swift in Sources */,
				F053523D2BF2A498002515B8 /* MockedDrinkHistory.swift in Sources */,
				F05351C12BE92FC2002515B8 /* IntakeElementData.swift in Sources */,
				F053517A2BE26821002515B8 /* UserProfile.swift in Sources */,
				F076159C2BF4DE97009A9F6B /* DrinkAnalysis.swift in Sources */,
				F05979602BFA366200822F38 /* NoHistoryWater.swift in Sources */,
				F07615942BF3EA9A009A9F6B /* DrinkTypePieChartView.swift in Sources */,
				F05351B72BE8E635002515B8 /* HistoryView.swift in Sources */,
				F053519C2BE51C3D002515B8 /* IntakeRecoredElementView.swift in Sources */,
				F05352142BF02210002515B8 /* CustomInputField.swift in Sources */,
				F05351D42BECD447002515B8 /* HydrationSummary.swift in Sources */,
				F053519A2BE51605002515B8 /* HistoryOnDailyView.swift in Sources */,
				F05351CA2BE93F85002515B8 /* SelectDateView.swift in Sources */,
				F07615922BF3DF6B009A9F6B /* WaterIntakeOverviewChart.swift in Sources */,
				F05351832BE3A416002515B8 /* DashboardView.swift in Sources */,
				F05351A72BE644D8002515B8 /* WaterIntakeSizes.swift in Sources */,
				F05351C62BE93484002515B8 /* RingStatus.swift in Sources */,
				F05351BF2BE92F85002515B8 /* DrinkHistoryData.swift in Sources */,
				F05351B92BE8E774002515B8 /* MainView.swift in Sources */,
				F05351852BE3C76B002515B8 /* RootView.swift in Sources */,
				F05352082BEF60C8002515B8 /* OnBordingView.swift in Sources */,
				F05352122BF021E5002515B8 /* CustomPickerField.swift in Sources */,
				F05352352BF1EF76002515B8 /* UtilityFunctions.swift in Sources */,
				F05979852C15909500822F38 /* SectionHistoryHeaderView.swift in Sources */,
				F053518D2BE3D3F6002515B8 /* SwitchCup.swift in Sources */,
				F053519E2BE5616A002515B8 /* AddWater.swift in Sources */,
				F05351CF2BEA01E2002515B8 /* ContentUnAvailableUI.swift in Sources */,
				F059798B2C15E13000822F38 /* GaugeProgressView.swift in Sources */,
				F05979622BFB40DC00822F38 /* GeneraterHydrationWaterGoals.mlpackage in Sources */,
				F053520A2BEF8557002515B8 /* PageIntro.swift in Sources */,
				F05979892C15BA6B00822F38 /* HydrationListView.swift in Sources */,
				F05979562BF8D8B900822F38 /* LocalNotification.swift in Sources */,
				F05979542BF8D23700822F38 /* ReminderCalenderView.swift in Sources */,
				F05351892BE3D0C6002515B8 /* PreviewContiner.swift in Sources */,
				F05351942BE5158C002515B8 /* UserWaterIntakeView.swift in Sources */,
				F07615962BF3F878009A9F6B /* WaterIntakeDetails.swift in Sources */,
				F05351BD2BE92F2C002515B8 /* DailyWaterDrinkData.swift in Sources */,
				F05351D12BECC43E002515B8 /* DrinkHistoryRecord.swift in Sources */,
				F076159A2BF4ADA9009A9F6B /* DrinkTypeDetailsChart.swift in Sources */,
				F053520C2BEF8D02002515B8 /* CustomIndicatorView.swift in Sources */,
				F05351CD2BE94434002515B8 /* DateExtensions.swift in Sources */,
				F053516A2BE25EE0002515B8 /* WaterReminderApp.swift in Sources */,
				F05351A52BE644A3002515B8 /* WaterBottleButton.swift in Sources */,
			);
			runOnlyForDeploymentPostprocessing = 0;
		};
		F05352172BF0B4F6002515B8 /* Sources */ = {
			isa = PBXSourcesBuildPhase;
			buildActionMask = 2147483647;
			files = (
				F05352252BF0B4F6002515B8 /* WaterReminderWidgetProjectLiveActivity.swift in Sources */,
				F05352292BF0B4F6002515B8 /* AppIntent.swift in Sources */,
				F05352272BF0B4F6002515B8 /* WaterReminderWidgetProject.swift in Sources */,
				F05352232BF0B4F6002515B8 /* WaterReminderWidgetProjectBundle.swift in Sources */,
			);
			runOnlyForDeploymentPostprocessing = 0;
		};
/* End PBXSourcesBuildPhase section */

/* Begin PBXTargetDependency section */
		F053522E2BF0B4F7002515B8 /* PBXTargetDependency */ = {
			isa = PBXTargetDependency;
			target = F053521A2BF0B4F6002515B8 /* WaterReminderWidgetProjectExtension */;
			targetProxy = F053522D2BF0B4F7002515B8 /* PBXContainerItemProxy */;
		};
/* End PBXTargetDependency section */

/* Begin XCBuildConfiguration section */
		F05351742BE25EE1002515B8 /* Debug */ = {
			isa = XCBuildConfiguration;
			buildSettings = {
				ALWAYS_SEARCH_USER_PATHS = NO;
				ASSETCATALOG_COMPILER_GENERATE_SWIFT_ASSET_SYMBOL_EXTENSIONS = YES;
				CLANG_ANALYZER_NONNULL = YES;
				CLANG_ANALYZER_NUMBER_OBJECT_CONVERSION = YES_AGGRESSIVE;
				CLANG_CXX_LANGUAGE_STANDARD = "gnu++20";
				CLANG_ENABLE_MODULES = YES;
				CLANG_ENABLE_OBJC_ARC = YES;
				CLANG_ENABLE_OBJC_WEAK = YES;
				CLANG_WARN_BLOCK_CAPTURE_AUTORELEASING = YES;
				CLANG_WARN_BOOL_CONVERSION = YES;
				CLANG_WARN_COMMA = YES;
				CLANG_WARN_CONSTANT_CONVERSION = YES;
				CLANG_WARN_DEPRECATED_OBJC_IMPLEMENTATIONS = YES;
				CLANG_WARN_DIRECT_OBJC_ISA_USAGE = YES_ERROR;
				CLANG_WARN_DOCUMENTATION_COMMENTS = YES;
				CLANG_WARN_EMPTY_BODY = YES;
				CLANG_WARN_ENUM_CONVERSION = YES;
				CLANG_WARN_INFINITE_RECURSION = YES;
				CLANG_WARN_INT_CONVERSION = YES;
				CLANG_WARN_NON_LITERAL_NULL_CONVERSION = YES;
				CLANG_WARN_OBJC_IMPLICIT_RETAIN_SELF = YES;
				CLANG_WARN_OBJC_LITERAL_CONVERSION = YES;
				CLANG_WARN_OBJC_ROOT_CLASS = YES_ERROR;
				CLANG_WARN_QUOTED_INCLUDE_IN_FRAMEWORK_HEADER = YES;
				CLANG_WARN_RANGE_LOOP_ANALYSIS = YES;
				CLANG_WARN_STRICT_PROTOTYPES = YES;
				CLANG_WARN_SUSPICIOUS_MOVE = YES;
				CLANG_WARN_UNGUARDED_AVAILABILITY = YES_AGGRESSIVE;
				CLANG_WARN_UNREACHABLE_CODE = YES;
				CLANG_WARN__DUPLICATE_METHOD_MATCH = YES;
				COPY_PHASE_STRIP = NO;
				DEBUG_INFORMATION_FORMAT = dwarf;
				ENABLE_STRICT_OBJC_MSGSEND = YES;
				ENABLE_TESTABILITY = YES;
				ENABLE_USER_SCRIPT_SANDBOXING = YES;
				GCC_C_LANGUAGE_STANDARD = gnu17;
				GCC_DYNAMIC_NO_PIC = NO;
				GCC_NO_COMMON_BLOCKS = YES;
				GCC_OPTIMIZATION_LEVEL = 0;
				GCC_PREPROCESSOR_DEFINITIONS = (
					"DEBUG=1",
					"$(inherited)",
				);
				GCC_WARN_64_TO_32_BIT_CONVERSION = YES;
				GCC_WARN_ABOUT_RETURN_TYPE = YES_ERROR;
				GCC_WARN_UNDECLARED_SELECTOR = YES;
				GCC_WARN_UNINITIALIZED_AUTOS = YES_AGGRESSIVE;
				GCC_WARN_UNUSED_FUNCTION = YES;
				GCC_WARN_UNUSED_VARIABLE = YES;
				IPHONEOS_DEPLOYMENT_TARGET = 17.4;
				LOCALIZATION_PREFERS_STRING_CATALOGS = YES;
				MTL_ENABLE_DEBUG_INFO = INCLUDE_SOURCE;
				MTL_FAST_MATH = YES;
				ONLY_ACTIVE_ARCH = YES;
				SDKROOT = iphoneos;
				SWIFT_ACTIVE_COMPILATION_CONDITIONS = "DEBUG $(inherited)";
				SWIFT_OPTIMIZATION_LEVEL = "-Onone";
			};
			name = Debug;
		};
		F05351752BE25EE1002515B8 /* Release */ = {
			isa = XCBuildConfiguration;
			buildSettings = {
				ALWAYS_SEARCH_USER_PATHS = NO;
				ASSETCATALOG_COMPILER_GENERATE_SWIFT_ASSET_SYMBOL_EXTENSIONS = YES;
				CLANG_ANALYZER_NONNULL = YES;
				CLANG_ANALYZER_NUMBER_OBJECT_CONVERSION = YES_AGGRESSIVE;
				CLANG_CXX_LANGUAGE_STANDARD = "gnu++20";
				CLANG_ENABLE_MODULES = YES;
				CLANG_ENABLE_OBJC_ARC = YES;
				CLANG_ENABLE_OBJC_WEAK = YES;
				CLANG_WARN_BLOCK_CAPTURE_AUTORELEASING = YES;
				CLANG_WARN_BOOL_CONVERSION = YES;
				CLANG_WARN_COMMA = YES;
				CLANG_WARN_CONSTANT_CONVERSION = YES;
				CLANG_WARN_DEPRECATED_OBJC_IMPLEMENTATIONS = YES;
				CLANG_WARN_DIRECT_OBJC_ISA_USAGE = YES_ERROR;
				CLANG_WARN_DOCUMENTATION_COMMENTS = YES;
				CLANG_WARN_EMPTY_BODY = YES;
				CLANG_WARN_ENUM_CONVERSION = YES;
				CLANG_WARN_INFINITE_RECURSION = YES;
				CLANG_WARN_INT_CONVERSION = YES;
				CLANG_WARN_NON_LITERAL_NULL_CONVERSION = YES;
				CLANG_WARN_OBJC_IMPLICIT_RETAIN_SELF = YES;
				CLANG_WARN_OBJC_LITERAL_CONVERSION = YES;
				CLANG_WARN_OBJC_ROOT_CLASS = YES_ERROR;
				CLANG_WARN_QUOTED_INCLUDE_IN_FRAMEWORK_HEADER = YES;
				CLANG_WARN_RANGE_LOOP_ANALYSIS = YES;
				CLANG_WARN_STRICT_PROTOTYPES = YES;
				CLANG_WARN_SUSPICIOUS_MOVE = YES;
				CLANG_WARN_UNGUARDED_AVAILABILITY = YES_AGGRESSIVE;
				CLANG_WARN_UNREACHABLE_CODE = YES;
				CLANG_WARN__DUPLICATE_METHOD_MATCH = YES;
				COPY_PHASE_STRIP = NO;
				DEBUG_INFORMATION_FORMAT = "dwarf-with-dsym";
				ENABLE_NS_ASSERTIONS = NO;
				ENABLE_STRICT_OBJC_MSGSEND = YES;
				ENABLE_USER_SCRIPT_SANDBOXING = YES;
				GCC_C_LANGUAGE_STANDARD = gnu17;
				GCC_NO_COMMON_BLOCKS = YES;
				GCC_WARN_64_TO_32_BIT_CONVERSION = YES;
				GCC_WARN_ABOUT_RETURN_TYPE = YES_ERROR;
				GCC_WARN_UNDECLARED_SELECTOR = YES;
				GCC_WARN_UNINITIALIZED_AUTOS = YES_AGGRESSIVE;
				GCC_WARN_UNUSED_FUNCTION = YES;
				GCC_WARN_UNUSED_VARIABLE = YES;
				IPHONEOS_DEPLOYMENT_TARGET = 17.4;
				LOCALIZATION_PREFERS_STRING_CATALOGS = YES;
				MTL_ENABLE_DEBUG_INFO = NO;
				MTL_FAST_MATH = YES;
				SDKROOT = iphoneos;
				SWIFT_COMPILATION_MODE = wholemodule;
				VALIDATE_PRODUCT = YES;
			};
			name = Release;
		};
		F05351772BE25EE1002515B8 /* Debug */ = {
			isa = XCBuildConfiguration;
			buildSettings = {
				ALWAYS_EMBED_SWIFT_STANDARD_LIBRARIES = YES;
				ASSETCATALOG_COMPILER_APPICON_NAME = AppIcon;
				ASSETCATALOG_COMPILER_GLOBAL_ACCENT_COLOR_NAME = AccentColor;
				ASSETCATALOG_COMPILER_INCLUDE_ALL_APPICON_ASSETS = NO;
				CODE_SIGN_STYLE = Automatic;
				CURRENT_PROJECT_VERSION = 1;
				DEVELOPMENT_ASSET_PATHS = "\"WaterReminder/Preview Content\"";
				DEVELOPMENT_TEAM = 664478Z4CX;
				ENABLE_PREVIEWS = YES;
				GENERATE_INFOPLIST_FILE = YES;
				INFOPLIST_KEY_CFBundleDisplayName = "Hydration Reminder";
				INFOPLIST_KEY_LSApplicationCategoryType = "public.app-category.healthcare-fitness";
				INFOPLIST_KEY_UIApplicationSceneManifest_Generation = YES;
				INFOPLIST_KEY_UIApplicationSupportsIndirectInputEvents = YES;
				INFOPLIST_KEY_UILaunchScreen_Generation = YES;
				INFOPLIST_KEY_UILaunchStoryboardName = "Launch Screen.storyboard";
				INFOPLIST_KEY_UISupportedInterfaceOrientations_iPad = "UIInterfaceOrientationPortrait UIInterfaceOrientationPortraitUpsideDown UIInterfaceOrientationLandscapeLeft UIInterfaceOrientationLandscapeRight";
				INFOPLIST_KEY_UISupportedInterfaceOrientations_iPhone = "UIInterfaceOrientationPortrait UIInterfaceOrientationLandscapeLeft UIInterfaceOrientationLandscapeRight";
				LD_RUNPATH_SEARCH_PATHS = (
					"$(inherited)",
					"@executable_path/Frameworks",
				);
				MARKETING_VERSION = 1.0;
				PRODUCT_BUNDLE_IDENTIFIER = AmmarDev.WaterReminder;
				PRODUCT_NAME = "$(TARGET_NAME)";
				SWIFT_EMIT_LOC_STRINGS = YES;
				SWIFT_VERSION = 5.0;
				TARGETED_DEVICE_FAMILY = "1,2";
			};
			name = Debug;
		};
		F05351782BE25EE1002515B8 /* Release */ = {
			isa = XCBuildConfiguration;
			buildSettings = {
				ALWAYS_EMBED_SWIFT_STANDARD_LIBRARIES = YES;
				ASSETCATALOG_COMPILER_APPICON_NAME = AppIcon;
				ASSETCATALOG_COMPILER_GLOBAL_ACCENT_COLOR_NAME = AccentColor;
				ASSETCATALOG_COMPILER_INCLUDE_ALL_APPICON_ASSETS = NO;
				CODE_SIGN_STYLE = Automatic;
				CURRENT_PROJECT_VERSION = 1;
				DEVELOPMENT_ASSET_PATHS = "\"WaterReminder/Preview Content\"";
				DEVELOPMENT_TEAM = 664478Z4CX;
				ENABLE_PREVIEWS = YES;
				GENERATE_INFOPLIST_FILE = YES;
				INFOPLIST_KEY_CFBundleDisplayName = "Hydration Reminder";
				INFOPLIST_KEY_LSApplicationCategoryType = "public.app-category.healthcare-fitness";
				INFOPLIST_KEY_UIApplicationSceneManifest_Generation = YES;
				INFOPLIST_KEY_UIApplicationSupportsIndirectInputEvents = YES;
				INFOPLIST_KEY_UILaunchScreen_Generation = YES;
				INFOPLIST_KEY_UILaunchStoryboardName = "Launch Screen.storyboard";
				INFOPLIST_KEY_UISupportedInterfaceOrientations_iPad = "UIInterfaceOrientationPortrait UIInterfaceOrientationPortraitUpsideDown UIInterfaceOrientationLandscapeLeft UIInterfaceOrientationLandscapeRight";
				INFOPLIST_KEY_UISupportedInterfaceOrientations_iPhone = "UIInterfaceOrientationPortrait UIInterfaceOrientationLandscapeLeft UIInterfaceOrientationLandscapeRight";
				LD_RUNPATH_SEARCH_PATHS = (
					"$(inherited)",
					"@executable_path/Frameworks",
				);
				MARKETING_VERSION = 1.0;
				PRODUCT_BUNDLE_IDENTIFIER = AmmarDev.WaterReminder;
				PRODUCT_NAME = "$(TARGET_NAME)";
				SWIFT_EMIT_LOC_STRINGS = YES;
				SWIFT_VERSION = 5.0;
				TARGETED_DEVICE_FAMILY = "1,2";
			};
			name = Release;
		};
		F05352312BF0B4F7002515B8 /* Debug */ = {
			isa = XCBuildConfiguration;
			buildSettings = {
				ASSETCATALOG_COMPILER_GLOBAL_ACCENT_COLOR_NAME = AccentColor;
				ASSETCATALOG_COMPILER_WIDGET_BACKGROUND_COLOR_NAME = WidgetBackground;
				CODE_SIGN_STYLE = Automatic;
				CURRENT_PROJECT_VERSION = 1;
				DEVELOPMENT_TEAM = 664478Z4CX;
				GENERATE_INFOPLIST_FILE = YES;
				INFOPLIST_FILE = WaterReminderWidgetProject/Info.plist;
				INFOPLIST_KEY_CFBundleDisplayName = WaterReminderWidgetProject;
				INFOPLIST_KEY_NSHumanReadableCopyright = "";
				LD_RUNPATH_SEARCH_PATHS = (
					"$(inherited)",
					"@executable_path/Frameworks",
					"@executable_path/../../Frameworks",
				);
				MARKETING_VERSION = 1.0;
				PRODUCT_BUNDLE_IDENTIFIER = AmmarDev.WaterReminder.WaterReminderWidgetProject;
				PRODUCT_NAME = "$(TARGET_NAME)";
				SKIP_INSTALL = YES;
				SWIFT_EMIT_LOC_STRINGS = YES;
				SWIFT_VERSION = 5.0;
				TARGETED_DEVICE_FAMILY = "1,2";
			};
			name = Debug;
		};
		F05352322BF0B4F7002515B8 /* Release */ = {
			isa = XCBuildConfiguration;
			buildSettings = {
				ASSETCATALOG_COMPILER_GLOBAL_ACCENT_COLOR_NAME = AccentColor;
				ASSETCATALOG_COMPILER_WIDGET_BACKGROUND_COLOR_NAME = WidgetBackground;
				CODE_SIGN_STYLE = Automatic;
				CURRENT_PROJECT_VERSION = 1;
				DEVELOPMENT_TEAM = 664478Z4CX;
				GENERATE_INFOPLIST_FILE = YES;
				INFOPLIST_FILE = WaterReminderWidgetProject/Info.plist;
				INFOPLIST_KEY_CFBundleDisplayName = WaterReminderWidgetProject;
				INFOPLIST_KEY_NSHumanReadableCopyright = "";
				LD_RUNPATH_SEARCH_PATHS = (
					"$(inherited)",
					"@executable_path/Frameworks",
					"@executable_path/../../Frameworks",
				);
				MARKETING_VERSION = 1.0;
				PRODUCT_BUNDLE_IDENTIFIER = AmmarDev.WaterReminder.WaterReminderWidgetProject;
				PRODUCT_NAME = "$(TARGET_NAME)";
				SKIP_INSTALL = YES;
				SWIFT_EMIT_LOC_STRINGS = YES;
				SWIFT_VERSION = 5.0;
				TARGETED_DEVICE_FAMILY = "1,2";
			};
			name = Release;
		};
/* End XCBuildConfiguration section */

/* Begin XCConfigurationList section */
		F05351612BE25EE0002515B8 /* Build configuration list for PBXProject "WaterReminder" */ = {
			isa = XCConfigurationList;
			buildConfigurations = (
				F05351742BE25EE1002515B8 /* Debug */,
				F05351752BE25EE1002515B8 /* Release */,
			);
			defaultConfigurationIsVisible = 0;
			defaultConfigurationName = Release;
		};
		F05351762BE25EE1002515B8 /* Build configuration list for PBXNativeTarget "WaterReminder" */ = {
			isa = XCConfigurationList;
			buildConfigurations = (
				F05351772BE25EE1002515B8 /* Debug */,
				F05351782BE25EE1002515B8 /* Release */,
			);
			defaultConfigurationIsVisible = 0;
			defaultConfigurationName = Release;
		};
		F05352302BF0B4F7002515B8 /* Build configuration list for PBXNativeTarget "WaterReminderWidgetProjectExtension" */ = {
			isa = XCConfigurationList;
			buildConfigurations = (
				F05352312BF0B4F7002515B8 /* Debug */,
				F05352322BF0B4F7002515B8 /* Release */,
			);
			defaultConfigurationIsVisible = 0;
			defaultConfigurationName = Release;
		};
/* End XCConfigurationList section */
	};
	rootObject = F053515E2BE25EE0002515B8 /* Project object */;
}
